
Microsoft Visual Studio Solution File, Format Version 12.00
# Visual Studio 15
VisualStudioVersion = 15.0.27428.2043
MinimumVisualStudioVersion = 10.0.40219.1
Project("{FAE04EC0-301F-11D3-BF4B-00C04F79EFBC}") = "Bootstrap", "Bootstrap\Bootstrap.csproj", "{5F9A7934-0B02-46CA-9318-053FE90CAAE4}"
EndProject
Global
	GlobalSection(SolutionConfigurationPlatforms) = preSolution
		Debug|Any CPU = Debug|Any CPU
		Release|Any CPU = Release|Any CPU
	EndGlobalSection
	GlobalSection(ProjectConfigurationPlatforms) = postSolution
		{5F9A7934-0B02-46CA-9318-053FE90CAAE4}.Debug|Any CPU.ActiveCfg = Debug|Any CPU
		{5F9A7934-0B02-46CA-9318-053FE90CAAE4}.Debug|Any CPU.Build.0 = Debug|Any CPU
		{5F9A7934-0B02-46CA-9318-053FE90CAAE4}.Release|Any CPU.ActiveCfg = Release|Any CPU
		{5F9A7934-0B02-46CA-9318-053FE90CAAE4}.Release|Any CPU.Build.0 = Release|Any CPU
	EndGlobalSection
	GlobalSection(SolutionProperties) = preSolution
		HideSolutionNode = FALSE
	EndGlobalSection
	GlobalSection(ExtensibilityGlobals) = postSolution
		SolutionGuid = {C18D8B98-DFE1-43AF-9D83-45AB78F7B27F}
	EndGlobalSection
EndGlobal
